
Microsoft Visual Studio Solution File, Format Version 12.00
# Visual Studio Version 17
VisualStudioVersion = 17.6.33815.320
MinimumVisualStudioVersion = 10.0.40219.1
Project("{FAE04EC0-301F-11D3-BF4B-00C04F79EFBC}") = "Application to Manage Data for School Application", "Application to Manage Data for School Application\Application to Manage Data for School Application.csproj", "{FC17636D-854E-47FC-B702-A07B356F10E3}"
EndProject
Global
	GlobalSection(SolutionConfigurationPlatforms) = preSolution
		Debug|Any CPU = Debug|Any CPU
		Release|Any CPU = Release|Any CPU
	EndGlobalSection
	GlobalSection(ProjectConfigurationPlatforms) = postSolution
		{FC17636D-854E-47FC-B702-A07B356F10E3}.Debug|Any CPU.ActiveCfg = Debug|Any CPU
		{FC17636D-854E-47FC-B702-A07B356F10E3}.Debug|Any CPU.Build.0 = Debug|Any CPU
		{FC17636D-854E-47FC-B702-A07B356F10E3}.Release|Any CPU.ActiveCfg = Release|Any CPU
		{FC17636D-854E-47FC-B702-A07B356F10E3}.Release|Any CPU.Build.0 = Release|Any CPU
	EndGlobalSection
	GlobalSection(SolutionProperties) = preSolution
		HideSolutionNode = FALSE
	EndGlobalSection
	GlobalSection(ExtensibilityGlobals) = postSolution
		SolutionGuid = {AE6F3A6F-2083-44DF-A99A-BB5594B6987F}
	EndGlobalSection
EndGlobal
